
Microsoft Visual Studio Solution File, Format Version 11.00
# Visual Studio 2010
Project("{FAE04EC0-301F-11D3-BF4B-00C04F79EFBC}") = "Assembly-CSharp", "Assembly-CSharp.csproj", "{8C844A4F-9374-24D6-089F-6D11C040398D}"
EndProject
Project("{FAE04EC0-301F-11D3-BF4B-00C04F79EFBC}") = "Assembly-CSharp-Editor", "Assembly-CSharp-Editor.csproj", "{79FF9E42-2941-8803-946E-5E0CEEB03E09}"
EndProject
Global
	GlobalSection(SolutionConfigurationPlatforms) = preSolution
		Debug|Any CPU = Debug|Any CPU
		Release|Any CPU = Release|Any CPU
	EndGlobalSection
	GlobalSection(ProjectConfigurationPlatforms) = postSolution
		{8C844A4F-9374-24D6-089F-6D11C040398D}.Debug|Any CPU.ActiveCfg = Debug|Any CPU
		{8C844A4F-9374-24D6-089F-6D11C040398D}.Debug|Any CPU.Build.0 = Debug|Any CPU
		{8C844A4F-9374-24D6-089F-6D11C040398D}.Release|Any CPU.ActiveCfg = Release|Any CPU
		{8C844A4F-9374-24D6-089F-6D11C040398D}.Release|Any CPU.Build.0 = Release|Any CPU
		{79FF9E42-2941-8803-946E-5E0CEEB03E09}.Debug|Any CPU.ActiveCfg = Debug|Any CPU
		{79FF9E42-2941-8803-946E-5E0CEEB03E09}.Debug|Any CPU.Build.0 = Debug|Any CPU
		{79FF9E42-2941-8803-946E-5E0CEEB03E09}.Release|Any CPU.ActiveCfg = Release|Any CPU
		{79FF9E42-2941-8803-946E-5E0CEEB03E09}.Release|Any CPU.Build.0 = Release|Any CPU
	EndGlobalSection
	GlobalSection(SolutionProperties) = preSolution
		HideSolutionNode = FALSE
	EndGlobalSection
EndGlobal
